
Microsoft Visual Studio Solution File, Format Version 12.00
# Visual Studio Version 18
VisualStudioVersion = 18.6.11822.322 stable
MinimumVisualStudioVersion = 10.0.40219.1
Project("{FAE04EC0-301F-11D3-BF4B-00C04F79EFBC}") = "ConsoleOverervingOefenblad", "ConsoleOverervingOefenblad.csproj", "{61A40278-5A05-8C65-2AA7-DEE0470F6EF3}"
EndProject
Global
	GlobalSection(SolutionConfigurationPlatforms) = preSolution
		Debug|Any CPU = Debug|Any CPU
		Release|Any CPU = Release|Any CPU
	EndGlobalSection
	GlobalSection(ProjectConfigurationPlatforms) = postSolution
		{61A40278-5A05-8C65-2AA7-DEE0470F6EF3}.Debug|Any CPU.ActiveCfg = Debug|Any CPU
		{61A40278-5A05-8C65-2AA7-DEE0470F6EF3}.Debug|Any CPU.Build.0 = Debug|Any CPU
		{61A40278-5A05-8C65-2AA7-DEE0470F6EF3}.Release|Any CPU.ActiveCfg = Release|Any CPU
		{61A40278-5A05-8C65-2AA7-DEE0470F6EF3}.Release|Any CPU.Build.0 = Release|Any CPU
	EndGlobalSection
	GlobalSection(SolutionProperties) = preSolution
		HideSolutionNode = FALSE
	EndGlobalSection
	GlobalSection(ExtensibilityGlobals) = postSolution
		SolutionGuid = {79A8B12D-BCC6-4899-A228-93662187FB44}
	EndGlobalSection
EndGlobal
